<?xml version="1.0" encoding="utf-8"?>
<Project ToolsVersion="4.0" xmlns="http://schemas.microsoft.com/developer/msbuild/2003">
  <ItemGroup>
    <ClInclude Include="Inc\Macros.h" />
    <ClInclude Include="Inc\Process.h">
      <Filter>System</Filter>
    </ClInclude>
    <ClInclude Include="Inc\ProcessManager.h">
      <Filter>System</Filter>
    </ClInclude>
    <ClInclude Include="Inc\Types.h" />
    <ClInclude Include="Inc\Vector3.h">
      <Filter>Math</Filter>
    </ClInclude>
    <ClInclude Include="Inc\Vector2.h">
      <Filter>Math</Filter>
    </ClInclude>
    <ClInclude Include="Inc\Vector4.h">
      <Filter>Math</Filter>
    </ClInclude>
  </ItemGroup>
  <ItemGroup>
    <Filter Include="System">
      <UniqueIdentifier>{666062b0-ac93-4f4b-82a4-f2894364e481}</UniqueIdentifier>
    </Filter>
    <Filter Include="Math">
      <UniqueIdentifier>{35ca6084-660b-406d-9672-510d3e60d55a}</UniqueIdentifier>
    </Filter>
  </ItemGroup>
  <ItemGroup>
    <ClCompile Include="Vector3.cpp">
      <Filter>Math</Filter>
    </ClCompile>
    <ClCompile Include="Vector2.cpp">
      <Filter>Math</Filter>
    </ClCompile>
    <ClCompile Include="Vector4.cpp">
      <Filter>Math</Filter>
    </ClCompile>
  </ItemGroup>
</Project>