
Microsoft Visual Studio Solution File, Format Version 12.00
# Visual Studio Express 2012 for Windows Desktop
Project("{8BC9CEB8-8B4A-11D0-8D11-00A0C91BC942}") = "Rabbit", "Rabbit.vcxproj", "{033D2829-A74D-4DAE-A531-788F4AB25DFE}"
EndProject
Project("{8BC9CEB8-8B4A-11D0-8D11-00A0C91BC942}") = "Animal", "..\Animal\Source\Animal.vcxproj", "{487E3D38-1B99-4E31-BD76-CF078038CA56}"
EndProject
Global
	GlobalSection(SolutionConfigurationPlatforms) = preSolution
		Debug|Win32 = Debug|Win32
		Release|Win32 = Release|Win32
	EndGlobalSection
	GlobalSection(ProjectConfigurationPlatforms) = postSolution
		{033D2829-A74D-4DAE-A531-788F4AB25DFE}.Debug|Win32.ActiveCfg = Debug|Win32
		{033D2829-A74D-4DAE-A531-788F4AB25DFE}.Debug|Win32.Build.0 = Debug|Win32
		{033D2829-A74D-4DAE-A531-788F4AB25DFE}.Release|Win32.ActiveCfg = Release|Win32
		{033D2829-A74D-4DAE-A531-788F4AB25DFE}.Release|Win32.Build.0 = Release|Win32
		{487E3D38-1B99-4E31-BD76-CF078038CA56}.Debug|Win32.ActiveCfg = Debug|Win32
		{487E3D38-1B99-4E31-BD76-CF078038CA56}.Debug|Win32.Build.0 = Debug|Win32
		{487E3D38-1B99-4E31-BD76-CF078038CA56}.Release|Win32.ActiveCfg = Release|Win32
		{487E3D38-1B99-4E31-BD76-CF078038CA56}.Release|Win32.Build.0 = Release|Win32
	EndGlobalSection
	GlobalSection(SolutionProperties) = preSolution
		HideSolutionNode = FALSE
	EndGlobalSection
EndGlobal
