<?xml version="1.0" encoding="utf-8"?>
<Project ToolsVersion="4.0" xmlns="http://schemas.microsoft.com/developer/msbuild/2003">
  <ItemGroup>
    <ClInclude Include="..\Inc\Matrix4.h">
      <Filter>Math</Filter>
    </ClInclude>
    <ClInclude Include="..\Inc\Quaternion.h">
      <Filter>Math</Filter>
    </ClInclude>
    <ClInclude Include="..\Inc\Vector2.h">
      <Filter>Math</Filter>
    </ClInclude>
    <ClInclude Include="..\Inc\Vector3.h">
      <Filter>Math</Filter>
    </ClInclude>
    <ClInclude Include="..\Inc\Vector4.h">
      <Filter>Math</Filter>
    </ClInclude>
    <ClInclude Include="..\Inc\Process.h">
      <Filter>System</Filter>
    </ClInclude>
    <ClInclude Include="..\Inc\ProcessManager.h">
      <Filter>System</Filter>
    </ClInclude>
    <ClInclude Include="..\Inc\Timer.h">
      <Filter>System</Filter>
    </ClInclude>
    <ClInclude Include="..\Inc\Macros.h" />
    <ClInclude Include="..\Inc\Types.h" />
    <ClInclude Include="..\Inc\Logger.h">
      <Filter>System</Filter>
    </ClInclude>
    <ClInclude Include="..\Inc\Exception.h">
      <Filter>System</Filter>
    </ClInclude>
    <ClInclude Include="..\Inc\Constants.h">
      <Filter>Math</Filter>
    </ClInclude>
    <ClInclude Include="..\Inc\Frustum.h">
      <Filter>Graphics</Filter>
    </ClInclude>
    <ClInclude Include="..\Inc\ColorUtil.h">
      <Filter>Utils</Filter>
    </ClInclude>
    <ClInclude Include="..\Inc\SystemUtil.h">
      <Filter>Utils</Filter>
    </ClInclude>
    <ClInclude Include="..\Inc\Plane.h">
      <Filter>Math</Filter>
    </ClInclude>
    <ClInclude Include="..\Inc\Material.h">
      <Filter>Graphics</Filter>
    </ClInclude>
    <ClInclude Include="..\Inc\ISceneNode.h">
      <Filter>Graphics\Scene</Filter>
    </ClInclude>
    <ClInclude Include="..\Inc\SceneNode.h">
      <Filter>Graphics\Scene</Filter>
    </ClInclude>
    <ClInclude Include="..\Inc\Scene.h">
      <Filter>Graphics\Scene</Filter>
    </ClInclude>
    <ClInclude Include="..\Inc\Transform.h">
      <Filter>Graphics</Filter>
    </ClInclude>
    <ClInclude Include="..\Inc\Camera.h">
      <Filter>Graphics\Camera</Filter>
    </ClInclude>
    <ClInclude Include="..\Inc\FreeCamera.h">
      <Filter>Graphics\Camera</Filter>
    </ClInclude>
    <ClInclude Include="..\Inc\TargetCamera.h">
      <Filter>Graphics\Camera</Filter>
    </ClInclude>
    <ClInclude Include="..\Inc\IRenderable.h">
      <Filter>Graphics</Filter>
    </ClInclude>
    <ClInclude Include="..\Inc\RenderableNode.h">
      <Filter>Graphics\Scene</Filter>
    </ClInclude>
  </ItemGroup>
  <ItemGroup>
    <Filter Include="System">
      <UniqueIdentifier>{666062b0-ac93-4f4b-82a4-f2894364e481}</UniqueIdentifier>
    </Filter>
    <Filter Include="Math">
      <UniqueIdentifier>{35ca6084-660b-406d-9672-510d3e60d55a}</UniqueIdentifier>
    </Filter>
    <Filter Include="Graphics">
      <UniqueIdentifier>{f70d0084-b0f2-495f-a1ca-8d6068b04869}</UniqueIdentifier>
    </Filter>
    <Filter Include="Utils">
      <UniqueIdentifier>{0ed1311f-01f0-4708-980b-0e2e14a7afe2}</UniqueIdentifier>
    </Filter>
    <Filter Include="Graphics\Scene">
      <UniqueIdentifier>{23d212d5-08fe-41d8-a0ae-761347fc66e5}</UniqueIdentifier>
    </Filter>
    <Filter Include="Graphics\Camera">
      <UniqueIdentifier>{3e53d7a2-462c-4b94-b403-7b1532b26b80}</UniqueIdentifier>
    </Filter>
  </ItemGroup>
  <ItemGroup>
    <ClCompile Include="..\Frustum.cpp">
      <Filter>Graphics</Filter>
    </ClCompile>
    <ClCompile Include="..\SceneNode.cpp">
      <Filter>Graphics\Scene</Filter>
    </ClCompile>
    <ClCompile Include="..\Scene.cpp">
      <Filter>Graphics\Scene</Filter>
    </ClCompile>
    <ClCompile Include="..\Camera.cpp">
      <Filter>Graphics\Camera</Filter>
    </ClCompile>
    <ClCompile Include="..\FreeCamera.cpp">
      <Filter>Graphics\Camera</Filter>
    </ClCompile>
    <ClCompile Include="..\TargetCamera.cpp">
      <Filter>Graphics\Camera</Filter>
    </ClCompile>
    <ClCompile Include="..\RenderableNode.cpp">
      <Filter>Graphics\Scene</Filter>
    </ClCompile>
  </ItemGroup>
</Project>